PODS:
  - Flutter (1.0.0)
  - integration_test (0.0.1):
    - Flutter
  - mobile_scanner (7.0.0):
    - Flutter
    - FlutterMacOS
  - permission_handler_apple (9.4.8):
    - Flutter
  - wifi_connector_plus (0.0.2):
    - Flutter

DEPENDENCIES:
  - Flutter (from `Flutter`)
  - integration_test (from `.symlinks/plugins/integration_test/ios`)
  - mobile_scanner (from `.symlinks/plugins/mobile_scanner/darwin`)
  - permission_handler_apple (from `.symlinks/plugins/permission_handler_apple/ios`)
  - wifi_connector_plus (from `.symlinks/plugins/wifi_connector_plus/ios`)

EXTERNAL SOURCES:
  Flutter:
    :path: Flutter
  integration_test:
    :path: ".symlinks/plugins/integration_test/ios"
  mobile_scanner:
    :path: ".symlinks/plugins/mobile_scanner/darwin"
  permission_handler_apple:
    :path: ".symlinks/plugins/permission_handler_apple/ios"
  wifi_connector_plus:
    :path: ".symlinks/plugins/wifi_connector_plus/ios"

SPEC CHECKSUMS:
  Flutter: cabc95a1d2626b1b06e7179b784ebcf0c0cde467
  integration_test: 4a889634ef21a45d28d50d622cf412dc6d9f586e
  mobile_scanner: 9157936403f5a0644ca3779a38ff8404c5434a93
  permission_handler_apple: 92d754bbaa7361d436db2d6c3c1c2a0fdcec462e
  wifi_connector_plus: 5181d77b4dc3afc7a3de1070edeb74780ad279c2

PODFILE CHECKSUM: ef9363b9c9ffa9aa5e7d1b752f359015073f3aaf

COCOAPODS: 1.16.2
